
Microsoft Visual Studio Solution File, Format Version 12.00
# Visual Studio 2012
Project("{FAE04EC0-301F-11D3-BF4B-00C04F79EFBC}") = "net.phraustbyte.dal", "net.phraustbyte.dal\net.phraustbyte.dal.csproj", "{2BF67249-0C1A-41A3-A429-D51BABE67495}"
EndProject
Project("{FAE04EC0-301F-11D3-BF4B-00C04F79EFBC}") = "net.phraustbyte.bll", "net.phraustbyte.bll\net.phraustbyte.bll.csproj", "{90718123-3673-43B8-AF43-530148C4F4B4}"
EndProject
Project("{FAE04EC0-301F-11D3-BF4B-00C04F79EFBC}") = "net.phraustbyte.tests", "net.phraustbyte.tests\net.phraustbyte.tests.csproj", "{C461E8C3-670C-47DA-9337-AFB05E0AEEBA}"
EndProject
Global
	GlobalSection(SolutionConfigurationPlatforms) = preSolution
		Debug|Any CPU = Debug|Any CPU
		Release|Any CPU = Release|Any CPU
	EndGlobalSection
	GlobalSection(ProjectConfigurationPlatforms) = postSolution
		{2BF67249-0C1A-41A3-A429-D51BABE67495}.Debug|Any CPU.ActiveCfg = Debug|Any CPU
		{2BF67249-0C1A-41A3-A429-D51BABE67495}.Debug|Any CPU.Build.0 = Debug|Any CPU
		{2BF67249-0C1A-41A3-A429-D51BABE67495}.Release|Any CPU.ActiveCfg = Release|Any CPU
		{2BF67249-0C1A-41A3-A429-D51BABE67495}.Release|Any CPU.Build.0 = Release|Any CPU
		{90718123-3673-43B8-AF43-530148C4F4B4}.Debug|Any CPU.ActiveCfg = Debug|Any CPU
		{90718123-3673-43B8-AF43-530148C4F4B4}.Debug|Any CPU.Build.0 = Debug|Any CPU
		{90718123-3673-43B8-AF43-530148C4F4B4}.Release|Any CPU.ActiveCfg = Release|Any CPU
		{90718123-3673-43B8-AF43-530148C4F4B4}.Release|Any CPU.Build.0 = Release|Any CPU
		{C461E8C3-670C-47DA-9337-AFB05E0AEEBA}.Debug|Any CPU.ActiveCfg = Debug|Any CPU
		{C461E8C3-670C-47DA-9337-AFB05E0AEEBA}.Debug|Any CPU.Build.0 = Debug|Any CPU
		{C461E8C3-670C-47DA-9337-AFB05E0AEEBA}.Release|Any CPU.ActiveCfg = Release|Any CPU
		{C461E8C3-670C-47DA-9337-AFB05E0AEEBA}.Release|Any CPU.Build.0 = Release|Any CPU
	EndGlobalSection
EndGlobal
